
Microsoft Visual Studio Solution File, Format Version 12.00
# Visual Studio Version 17
VisualStudioVersion = 17.4.33122.133
MinimumVisualStudioVersion = 10.0.40219.1
Project("{9A19103F-16F7-4668-BE54-9A1E7A4F7556}") = "GameClient", "GameClient.csproj", "{D0763937-CF44-4FE9-8C6A-F3AA98A8FA3C}"
EndProject
Project("{9A19103F-16F7-4668-BE54-9A1E7A4F7556}") = "GameServer", "..\GameServer\GameServer.csproj", "{3B63A8C3-8611-4C27-A267-CC9790B0C244}"
EndProject
Global
	GlobalSection(SolutionConfigurationPlatforms) = preSolution
		Debug|Any CPU = Debug|Any CPU
		Release|Any CPU = Release|Any CPU
	EndGlobalSection
	GlobalSection(ProjectConfigurationPlatforms) = postSolution
		{D0763937-CF44-4FE9-8C6A-F3AA98A8FA3C}.Debug|Any CPU.ActiveCfg = Debug|Any CPU
		{D0763937-CF44-4FE9-8C6A-F3AA98A8FA3C}.Debug|Any CPU.Build.0 = Debug|Any CPU
		{D0763937-CF44-4FE9-8C6A-F3AA98A8FA3C}.Release|Any CPU.ActiveCfg = Release|Any CPU
		{D0763937-CF44-4FE9-8C6A-F3AA98A8FA3C}.Release|Any CPU.Build.0 = Release|Any CPU
		{3B63A8C3-8611-4C27-A267-CC9790B0C244}.Debug|Any CPU.ActiveCfg = Debug|Any CPU
		{3B63A8C3-8611-4C27-A267-CC9790B0C244}.Debug|Any CPU.Build.0 = Debug|Any CPU
		{3B63A8C3-8611-4C27-A267-CC9790B0C244}.Release|Any CPU.ActiveCfg = Release|Any CPU
		{3B63A8C3-8611-4C27-A267-CC9790B0C244}.Release|Any CPU.Build.0 = Release|Any CPU
	EndGlobalSection
	GlobalSection(SolutionProperties) = preSolution
		HideSolutionNode = FALSE
	EndGlobalSection
	GlobalSection(ExtensibilityGlobals) = postSolution
		SolutionGuid = {8B60DD73-FBA4-4B22-ADBB-67CA9D0307C5}
	EndGlobalSection
EndGlobal
